
Microsoft Visual Studio Solution File, Format Version 10.00
# Visual C++ Express 2008
Project("{8BC9CEB8-8B4A-11D0-8D11-00A0C91BC942}") = "test", "test\test.vcproj", "{D527055B-AFE0-48CC-BF11-3E49386453AE}"
	ProjectSection(ProjectDependencies) = postProject
		{CB10FB13-7E83-499E-BCC4-A77F84833E7B} = {CB10FB13-7E83-499E-BCC4-A77F84833E7B}
		{161EC23C-26D5-4A8B-AF3B-CA5383B23B6B} = {161EC23C-26D5-4A8B-AF3B-CA5383B23B6B}
	EndProjectSection
EndProject
Project("{8BC9CEB8-8B4A-11D0-8D11-00A0C91BC942}") = "pe2aout", "pe2aout\pe2aout.vcproj", "{161EC23C-26D5-4A8B-AF3B-CA5383B23B6B}"
EndProject
Project("{8BC9CEB8-8B4A-11D0-8D11-00A0C91BC942}") = "aout-tool", "aout-tool\aout-tool.vcproj", "{7E9B36F4-5394-45B1-9331-ADCDBD47BE61}"
	ProjectSection(ProjectDependencies) = postProject
		{CB10FB13-7E83-499E-BCC4-A77F84833E7B} = {CB10FB13-7E83-499E-BCC4-A77F84833E7B}
		{161EC23C-26D5-4A8B-AF3B-CA5383B23B6B} = {161EC23C-26D5-4A8B-AF3B-CA5383B23B6B}
	EndProjectSection
EndProject
Project("{8BC9CEB8-8B4A-11D0-8D11-00A0C91BC942}") = "libc", "libc\libc.vcproj", "{CB10FB13-7E83-499E-BCC4-A77F84833E7B}"
EndProject
Project("{8BC9CEB8-8B4A-11D0-8D11-00A0C91BC942}") = "mfs", "mfs\mfs.vcproj", "{DC9BDDDA-20EB-4A93-85EF-ED433805190C}"
	ProjectSection(ProjectDependencies) = postProject
		{CB10FB13-7E83-499E-BCC4-A77F84833E7B} = {CB10FB13-7E83-499E-BCC4-A77F84833E7B}
		{4BBE7934-C4C7-4961-A1E8-2B1DCF3BBE63} = {4BBE7934-C4C7-4961-A1E8-2B1DCF3BBE63}
		{161EC23C-26D5-4A8B-AF3B-CA5383B23B6B} = {161EC23C-26D5-4A8B-AF3B-CA5383B23B6B}
	EndProjectSection
EndProject
Project("{8BC9CEB8-8B4A-11D0-8D11-00A0C91BC942}") = "libsys", "libsys\libsys.vcproj", "{4BBE7934-C4C7-4961-A1E8-2B1DCF3BBE63}"
EndProject
Project("{8BC9CEB8-8B4A-11D0-8D11-00A0C91BC942}") = "dec21140A", "dec21140A\dec21140A.vcproj", "{CAC291FF-4290-4785-89AF-0816BDE17FA0}"
	ProjectSection(ProjectDependencies) = postProject
		{CB10FB13-7E83-499E-BCC4-A77F84833E7B} = {CB10FB13-7E83-499E-BCC4-A77F84833E7B}
		{4BBE7934-C4C7-4961-A1E8-2B1DCF3BBE63} = {4BBE7934-C4C7-4961-A1E8-2B1DCF3BBE63}
		{161EC23C-26D5-4A8B-AF3B-CA5383B23B6B} = {161EC23C-26D5-4A8B-AF3B-CA5383B23B6B}
	EndProjectSection
EndProject
Project("{8BC9CEB8-8B4A-11D0-8D11-00A0C91BC942}") = "include", "include\include.vcproj", "{D4E16708-275E-4065-8279-DD0AD0E00AC7}"
EndProject
Project("{8BC9CEB8-8B4A-11D0-8D11-00A0C91BC942}") = "libcurses", "libcurses\libcurses.vcproj", "{5B8CC542-B441-4A19-887D-1EFD06FC58B4}"
EndProject
Project("{8BC9CEB8-8B4A-11D0-8D11-00A0C91BC942}") = "libeditline", "libeditline\libeditline.vcproj", "{732BAC33-77EE-4195-BE54-19C747455F22}"
EndProject
Project("{8BC9CEB8-8B4A-11D0-8D11-00A0C91BC942}") = "libtimers", "libtimers\libtimers.vcproj", "{A144D173-F43A-4543-A047-AEB676A17A14}"
EndProject
Project("{8BC9CEB8-8B4A-11D0-8D11-00A0C91BC942}") = "libutil", "libutil\libutil.vcproj", "{3910DBA5-6D8F-46FE-BB06-F09320B08B9B}"
EndProject
Project("{8BC9CEB8-8B4A-11D0-8D11-00A0C91BC942}") = "msh", "msh\msh.vcproj", "{BE92B6DA-4F52-446E-8D3D-36413480D0C7}"
	ProjectSection(ProjectDependencies) = postProject
		{CB10FB13-7E83-499E-BCC4-A77F84833E7B} = {CB10FB13-7E83-499E-BCC4-A77F84833E7B}
		{161EC23C-26D5-4A8B-AF3B-CA5383B23B6B} = {161EC23C-26D5-4A8B-AF3B-CA5383B23B6B}
	EndProjectSection
EndProject
Global
	GlobalSection(SolutionConfigurationPlatforms) = preSolution
		Debug|Win32 = Debug|Win32
		MINIX Release|Win32 = MINIX Release|Win32
		Release|Win32 = Release|Win32
	EndGlobalSection
	GlobalSection(ProjectConfigurationPlatforms) = postSolution
		{D527055B-AFE0-48CC-BF11-3E49386453AE}.Debug|Win32.ActiveCfg = Debug|Win32
		{D527055B-AFE0-48CC-BF11-3E49386453AE}.Debug|Win32.Build.0 = Debug|Win32
		{D527055B-AFE0-48CC-BF11-3E49386453AE}.MINIX Release|Win32.ActiveCfg = MINIX Release|Win32
		{D527055B-AFE0-48CC-BF11-3E49386453AE}.MINIX Release|Win32.Build.0 = MINIX Release|Win32
		{D527055B-AFE0-48CC-BF11-3E49386453AE}.Release|Win32.ActiveCfg = Release|Win32
		{D527055B-AFE0-48CC-BF11-3E49386453AE}.Release|Win32.Build.0 = Release|Win32
		{161EC23C-26D5-4A8B-AF3B-CA5383B23B6B}.Debug|Win32.ActiveCfg = Debug|Win32
		{161EC23C-26D5-4A8B-AF3B-CA5383B23B6B}.Debug|Win32.Build.0 = Debug|Win32
		{161EC23C-26D5-4A8B-AF3B-CA5383B23B6B}.MINIX Release|Win32.ActiveCfg = Debug|Win32
		{161EC23C-26D5-4A8B-AF3B-CA5383B23B6B}.MINIX Release|Win32.Build.0 = Debug|Win32
		{161EC23C-26D5-4A8B-AF3B-CA5383B23B6B}.Release|Win32.ActiveCfg = Release|Win32
		{161EC23C-26D5-4A8B-AF3B-CA5383B23B6B}.Release|Win32.Build.0 = Release|Win32
		{7E9B36F4-5394-45B1-9331-ADCDBD47BE61}.Debug|Win32.ActiveCfg = Debug|Win32
		{7E9B36F4-5394-45B1-9331-ADCDBD47BE61}.Debug|Win32.Build.0 = Debug|Win32
		{7E9B36F4-5394-45B1-9331-ADCDBD47BE61}.MINIX Release|Win32.ActiveCfg = Debug|Win32
		{7E9B36F4-5394-45B1-9331-ADCDBD47BE61}.MINIX Release|Win32.Build.0 = Debug|Win32
		{7E9B36F4-5394-45B1-9331-ADCDBD47BE61}.Release|Win32.ActiveCfg = Release|Win32
		{7E9B36F4-5394-45B1-9331-ADCDBD47BE61}.Release|Win32.Build.0 = Release|Win32
		{CB10FB13-7E83-499E-BCC4-A77F84833E7B}.Debug|Win32.ActiveCfg = MINIX Release|Win32
		{CB10FB13-7E83-499E-BCC4-A77F84833E7B}.Debug|Win32.Build.0 = MINIX Release|Win32
		{CB10FB13-7E83-499E-BCC4-A77F84833E7B}.MINIX Release|Win32.ActiveCfg = MINIX Release|Win32
		{CB10FB13-7E83-499E-BCC4-A77F84833E7B}.MINIX Release|Win32.Build.0 = MINIX Release|Win32
		{CB10FB13-7E83-499E-BCC4-A77F84833E7B}.Release|Win32.ActiveCfg = MINIX Release|Win32
		{CB10FB13-7E83-499E-BCC4-A77F84833E7B}.Release|Win32.Build.0 = MINIX Release|Win32
		{DC9BDDDA-20EB-4A93-85EF-ED433805190C}.Debug|Win32.ActiveCfg = MINIX Release|Win32
		{DC9BDDDA-20EB-4A93-85EF-ED433805190C}.Debug|Win32.Build.0 = MINIX Release|Win32
		{DC9BDDDA-20EB-4A93-85EF-ED433805190C}.MINIX Release|Win32.ActiveCfg = MINIX Release|Win32
		{DC9BDDDA-20EB-4A93-85EF-ED433805190C}.MINIX Release|Win32.Build.0 = MINIX Release|Win32
		{DC9BDDDA-20EB-4A93-85EF-ED433805190C}.Release|Win32.ActiveCfg = MINIX Release|Win32
		{DC9BDDDA-20EB-4A93-85EF-ED433805190C}.Release|Win32.Build.0 = MINIX Release|Win32
		{4BBE7934-C4C7-4961-A1E8-2B1DCF3BBE63}.Debug|Win32.ActiveCfg = MINIX Release|Win32
		{4BBE7934-C4C7-4961-A1E8-2B1DCF3BBE63}.Debug|Win32.Build.0 = MINIX Release|Win32
		{4BBE7934-C4C7-4961-A1E8-2B1DCF3BBE63}.MINIX Release|Win32.ActiveCfg = MINIX Release|Win32
		{4BBE7934-C4C7-4961-A1E8-2B1DCF3BBE63}.MINIX Release|Win32.Build.0 = MINIX Release|Win32
		{4BBE7934-C4C7-4961-A1E8-2B1DCF3BBE63}.Release|Win32.ActiveCfg = MINIX Release|Win32
		{4BBE7934-C4C7-4961-A1E8-2B1DCF3BBE63}.Release|Win32.Build.0 = MINIX Release|Win32
		{CAC291FF-4290-4785-89AF-0816BDE17FA0}.Debug|Win32.ActiveCfg = MINIX Release|Win32
		{CAC291FF-4290-4785-89AF-0816BDE17FA0}.Debug|Win32.Build.0 = MINIX Release|Win32
		{CAC291FF-4290-4785-89AF-0816BDE17FA0}.MINIX Release|Win32.ActiveCfg = MINIX Release|Win32
		{CAC291FF-4290-4785-89AF-0816BDE17FA0}.MINIX Release|Win32.Build.0 = MINIX Release|Win32
		{CAC291FF-4290-4785-89AF-0816BDE17FA0}.Release|Win32.ActiveCfg = MINIX Release|Win32
		{CAC291FF-4290-4785-89AF-0816BDE17FA0}.Release|Win32.Build.0 = MINIX Release|Win32
		{D4E16708-275E-4065-8279-DD0AD0E00AC7}.Debug|Win32.ActiveCfg = MINIX Release|Win32
		{D4E16708-275E-4065-8279-DD0AD0E00AC7}.Debug|Win32.Build.0 = MINIX Release|Win32
		{D4E16708-275E-4065-8279-DD0AD0E00AC7}.MINIX Release|Win32.ActiveCfg = MINIX Release|Win32
		{D4E16708-275E-4065-8279-DD0AD0E00AC7}.MINIX Release|Win32.Build.0 = MINIX Release|Win32
		{D4E16708-275E-4065-8279-DD0AD0E00AC7}.Release|Win32.ActiveCfg = MINIX Release|Win32
		{D4E16708-275E-4065-8279-DD0AD0E00AC7}.Release|Win32.Build.0 = MINIX Release|Win32
		{5B8CC542-B441-4A19-887D-1EFD06FC58B4}.Debug|Win32.ActiveCfg = MINIX Release|Win32
		{5B8CC542-B441-4A19-887D-1EFD06FC58B4}.Debug|Win32.Build.0 = MINIX Release|Win32
		{5B8CC542-B441-4A19-887D-1EFD06FC58B4}.MINIX Release|Win32.ActiveCfg = MINIX Release|Win32
		{5B8CC542-B441-4A19-887D-1EFD06FC58B4}.MINIX Release|Win32.Build.0 = MINIX Release|Win32
		{5B8CC542-B441-4A19-887D-1EFD06FC58B4}.Release|Win32.ActiveCfg = MINIX Release|Win32
		{5B8CC542-B441-4A19-887D-1EFD06FC58B4}.Release|Win32.Build.0 = MINIX Release|Win32
		{732BAC33-77EE-4195-BE54-19C747455F22}.Debug|Win32.ActiveCfg = MINIX Release|Win32
		{732BAC33-77EE-4195-BE54-19C747455F22}.Debug|Win32.Build.0 = MINIX Release|Win32
		{732BAC33-77EE-4195-BE54-19C747455F22}.MINIX Release|Win32.ActiveCfg = MINIX Release|Win32
		{732BAC33-77EE-4195-BE54-19C747455F22}.MINIX Release|Win32.Build.0 = MINIX Release|Win32
		{732BAC33-77EE-4195-BE54-19C747455F22}.Release|Win32.ActiveCfg = MINIX Release|Win32
		{732BAC33-77EE-4195-BE54-19C747455F22}.Release|Win32.Build.0 = MINIX Release|Win32
		{A144D173-F43A-4543-A047-AEB676A17A14}.Debug|Win32.ActiveCfg = MINIX Release|Win32
		{A144D173-F43A-4543-A047-AEB676A17A14}.Debug|Win32.Build.0 = MINIX Release|Win32
		{A144D173-F43A-4543-A047-AEB676A17A14}.MINIX Release|Win32.ActiveCfg = MINIX Release|Win32
		{A144D173-F43A-4543-A047-AEB676A17A14}.MINIX Release|Win32.Build.0 = MINIX Release|Win32
		{A144D173-F43A-4543-A047-AEB676A17A14}.Release|Win32.ActiveCfg = MINIX Release|Win32
		{A144D173-F43A-4543-A047-AEB676A17A14}.Release|Win32.Build.0 = MINIX Release|Win32
		{3910DBA5-6D8F-46FE-BB06-F09320B08B9B}.Debug|Win32.ActiveCfg = MINIX Release|Win32
		{3910DBA5-6D8F-46FE-BB06-F09320B08B9B}.Debug|Win32.Build.0 = MINIX Release|Win32
		{3910DBA5-6D8F-46FE-BB06-F09320B08B9B}.MINIX Release|Win32.ActiveCfg = MINIX Release|Win32
		{3910DBA5-6D8F-46FE-BB06-F09320B08B9B}.MINIX Release|Win32.Build.0 = MINIX Release|Win32
		{3910DBA5-6D8F-46FE-BB06-F09320B08B9B}.Release|Win32.ActiveCfg = MINIX Release|Win32
		{3910DBA5-6D8F-46FE-BB06-F09320B08B9B}.Release|Win32.Build.0 = MINIX Release|Win32
		{BE92B6DA-4F52-446E-8D3D-36413480D0C7}.Debug|Win32.ActiveCfg = MINIX Release|Win32
		{BE92B6DA-4F52-446E-8D3D-36413480D0C7}.Debug|Win32.Build.0 = MINIX Release|Win32
		{BE92B6DA-4F52-446E-8D3D-36413480D0C7}.MINIX Release|Win32.ActiveCfg = MINIX Release|Win32
		{BE92B6DA-4F52-446E-8D3D-36413480D0C7}.MINIX Release|Win32.Build.0 = MINIX Release|Win32
		{BE92B6DA-4F52-446E-8D3D-36413480D0C7}.Release|Win32.ActiveCfg = MINIX Release|Win32
		{BE92B6DA-4F52-446E-8D3D-36413480D0C7}.Release|Win32.Build.0 = MINIX Release|Win32
	EndGlobalSection
	GlobalSection(SolutionProperties) = preSolution
		HideSolutionNode = FALSE
	EndGlobalSection
EndGlobal
